
Microsoft Visual Studio Solution File, Format Version 12.00
# Visual Studio Version 16
VisualStudioVersion = 16.0.31515.178
MinimumVisualStudioVersion = 10.0.40219.1
Project("{9A19103F-16F7-4668-BE54-9A1E7A4F7556}") = "cms-asgmt-2", "cms-asgmt-2.csproj", "{B188217D-09D4-40F1-ABF5-CE79BADFAA84}"
EndProject
Global
	GlobalSection(SolutionConfigurationPlatforms) = preSolution
		Debug|Any CPU = Debug|Any CPU
		Release|Any CPU = Release|Any CPU
	EndGlobalSection
	GlobalSection(ProjectConfigurationPlatforms) = postSolution
		{B188217D-09D4-40F1-ABF5-CE79BADFAA84}.Debug|Any CPU.ActiveCfg = Debug|Any CPU
		{B188217D-09D4-40F1-ABF5-CE79BADFAA84}.Debug|Any CPU.Build.0 = Debug|Any CPU
		{B188217D-09D4-40F1-ABF5-CE79BADFAA84}.Release|Any CPU.ActiveCfg = Release|Any CPU
		{B188217D-09D4-40F1-ABF5-CE79BADFAA84}.Release|Any CPU.Build.0 = Release|Any CPU
	EndGlobalSection
	GlobalSection(SolutionProperties) = preSolution
		HideSolutionNode = FALSE
	EndGlobalSection
	GlobalSection(ExtensibilityGlobals) = postSolution
		SolutionGuid = {C48AAD18-5649-4ECF-AC06-678C39F11743}
	EndGlobalSection
EndGlobal
